<Solution>
  <Folder Name="/src/">
    <Project Path="src/DotnetMigrationDemo.Api/DotnetMigrationDemo.Api.csproj" />
    <Project Path="src/DotnetMigrationDemo.Core/DotnetMigrationDemo.Core.csproj" />
    <Project Path="src/DotnetMigrationDemo.Services/DotnetMigrationDemo.Services.csproj" />
  </Folder>
  <Folder Name="/tests/">
    <Project Path="tests/DotnetMigrationDemo.Tests/DotnetMigrationDemo.Tests.csproj" />
  </Folder>
</Solution>
